
Microsoft Visual Studio Solution File, Format Version 12.00
# Visual Studio Version 16
VisualStudioVersion = 16.0.30804.86
MinimumVisualStudioVersion = 10.0.40219.1
Project("{9A19103F-16F7-4668-BE54-9A1E7A4F7556}") = "JackHenry.CodeExercise.App", "JackHenry.CodeExcercise\JackHenry.CodeExercise.App.csproj", "{0BCE8E06-112D-43D1-8185-289AC128C1C1}"
EndProject
Project("{9A19103F-16F7-4668-BE54-9A1E7A4F7556}") = "JackHenry.CodeExercise.Test", "JackHenry.CodeExercise.Test\JackHenry.CodeExercise.Test.csproj", "{AF398A31-AF74-422D-AB91-9595FCFF8FAC}"
EndProject
Global
	GlobalSection(SolutionConfigurationPlatforms) = preSolution
		Debug|Any CPU = Debug|Any CPU
		Release|Any CPU = Release|Any CPU
	EndGlobalSection
	GlobalSection(ProjectConfigurationPlatforms) = postSolution
		{0BCE8E06-112D-43D1-8185-289AC128C1C1}.Debug|Any CPU.ActiveCfg = Debug|Any CPU
		{0BCE8E06-112D-43D1-8185-289AC128C1C1}.Debug|Any CPU.Build.0 = Debug|Any CPU
		{0BCE8E06-112D-43D1-8185-289AC128C1C1}.Release|Any CPU.ActiveCfg = Release|Any CPU
		{0BCE8E06-112D-43D1-8185-289AC128C1C1}.Release|Any CPU.Build.0 = Release|Any CPU
		{AF398A31-AF74-422D-AB91-9595FCFF8FAC}.Debug|Any CPU.ActiveCfg = Debug|Any CPU
		{AF398A31-AF74-422D-AB91-9595FCFF8FAC}.Debug|Any CPU.Build.0 = Debug|Any CPU
		{AF398A31-AF74-422D-AB91-9595FCFF8FAC}.Release|Any CPU.ActiveCfg = Release|Any CPU
		{AF398A31-AF74-422D-AB91-9595FCFF8FAC}.Release|Any CPU.Build.0 = Release|Any CPU
	EndGlobalSection
	GlobalSection(SolutionProperties) = preSolution
		HideSolutionNode = FALSE
	EndGlobalSection
	GlobalSection(ExtensibilityGlobals) = postSolution
		SolutionGuid = {EBB862FD-52CD-4499-A304-825EA452AC04}
	EndGlobalSection
EndGlobal
